
Microsoft Visual Studio Solution File, Format Version 12.00
# Visual Studio 2012
Project("{FAE04EC0-301F-11D3-BF4B-00C04F79EFBC}") = "BreadCrumbExpress", "BreadCrumbExpress\BreadCrumbExpress.csproj", "{727DFFEF-E13C-4D6E-A7D4-F9D9F0BBD5E9}"
EndProject
Project("{FAE04EC0-301F-11D3-BF4B-00C04F79EFBC}") = "BreadCrumbExpress_2010", "BreadCrumbExpress\BreadCrumbExpress_2010.csproj", "{D7232B05-313B-4B0E-9EBA-F8E7E1E35102}"
EndProject
Project("{FAE04EC0-301F-11D3-BF4B-00C04F79EFBC}") = "BreadCrumbExpress_2012", "BreadCrumbExpress\BreadCrumbExpress_2012.csproj", "{A975F558-C8C0-4BBA-8721-8080CB34EDF4}"
EndProject
Global
	GlobalSection(SolutionConfigurationPlatforms) = preSolution
		Debug|Any CPU = Debug|Any CPU
		Release|Any CPU = Release|Any CPU
	EndGlobalSection
	GlobalSection(ProjectConfigurationPlatforms) = postSolution
		{727DFFEF-E13C-4D6E-A7D4-F9D9F0BBD5E9}.Debug|Any CPU.ActiveCfg = Debug|Any CPU
		{727DFFEF-E13C-4D6E-A7D4-F9D9F0BBD5E9}.Debug|Any CPU.Build.0 = Debug|Any CPU
		{727DFFEF-E13C-4D6E-A7D4-F9D9F0BBD5E9}.Release|Any CPU.ActiveCfg = Release|Any CPU
		{727DFFEF-E13C-4D6E-A7D4-F9D9F0BBD5E9}.Release|Any CPU.Build.0 = Release|Any CPU
		{D7232B05-313B-4B0E-9EBA-F8E7E1E35102}.Debug|Any CPU.ActiveCfg = Debug|Any CPU
		{D7232B05-313B-4B0E-9EBA-F8E7E1E35102}.Debug|Any CPU.Build.0 = Debug|Any CPU
		{D7232B05-313B-4B0E-9EBA-F8E7E1E35102}.Release|Any CPU.ActiveCfg = Release|Any CPU
		{D7232B05-313B-4B0E-9EBA-F8E7E1E35102}.Release|Any CPU.Build.0 = Release|Any CPU
		{A975F558-C8C0-4BBA-8721-8080CB34EDF4}.Debug|Any CPU.ActiveCfg = Debug|Any CPU
		{A975F558-C8C0-4BBA-8721-8080CB34EDF4}.Debug|Any CPU.Build.0 = Debug|Any CPU
		{A975F558-C8C0-4BBA-8721-8080CB34EDF4}.Release|Any CPU.ActiveCfg = Release|Any CPU
		{A975F558-C8C0-4BBA-8721-8080CB34EDF4}.Release|Any CPU.Build.0 = Release|Any CPU
	EndGlobalSection
	GlobalSection(SolutionProperties) = preSolution
		HideSolutionNode = FALSE
	EndGlobalSection
EndGlobal
